
Microsoft Visual Studio Solution File, Format Version 12.00
# Visual Studio Version 17
VisualStudioVersion = 17.2.32616.157
MinimumVisualStudioVersion = 10.0.40219.1
Project("{FAE04EC0-301F-11D3-BF4B-00C04F79EFBC}") = "pizza try", "pizza try\pizza try.csproj", "{DB64F5DA-BDB0-4643-B181-3221D96E3C79}"
EndProject
Global
	GlobalSection(SolutionConfigurationPlatforms) = preSolution
		Debug|Any CPU = Debug|Any CPU
		Release|Any CPU = Release|Any CPU
	EndGlobalSection
	GlobalSection(ProjectConfigurationPlatforms) = postSolution
		{DB64F5DA-BDB0-4643-B181-3221D96E3C79}.Debug|Any CPU.ActiveCfg = Debug|Any CPU
		{DB64F5DA-BDB0-4643-B181-3221D96E3C79}.Debug|Any CPU.Build.0 = Debug|Any CPU
		{DB64F5DA-BDB0-4643-B181-3221D96E3C79}.Release|Any CPU.ActiveCfg = Release|Any CPU
		{DB64F5DA-BDB0-4643-B181-3221D96E3C79}.Release|Any CPU.Build.0 = Release|Any CPU
	EndGlobalSection
	GlobalSection(SolutionProperties) = preSolution
		HideSolutionNode = FALSE
	EndGlobalSection
	GlobalSection(ExtensibilityGlobals) = postSolution
		SolutionGuid = {7D82F94B-44B6-4F9D-A9D9-F4E187A1ED5D}
	EndGlobalSection
EndGlobal
